
Microsoft Visual Studio Solution File, Format Version 12.00
# Visual Studio Version 17
VisualStudioVersion = 17.5.33502.453
MinimumVisualStudioVersion = 10.0.40219.1
Project("{FAE04EC0-301F-11D3-BF4B-00C04F79EFBC}") = "Amazeing", "Amazeing.csproj", "{11D0FBC4-B577-4D39-9EC7-2D7FA89F2794}"
EndProject
Global
	GlobalSection(SolutionConfigurationPlatforms) = preSolution
		Debug|Any CPU = Debug|Any CPU
		Release|Any CPU = Release|Any CPU
	EndGlobalSection
	GlobalSection(ProjectConfigurationPlatforms) = postSolution
		{11D0FBC4-B577-4D39-9EC7-2D7FA89F2794}.Debug|Any CPU.ActiveCfg = Debug|Any CPU
		{11D0FBC4-B577-4D39-9EC7-2D7FA89F2794}.Debug|Any CPU.Build.0 = Debug|Any CPU
		{11D0FBC4-B577-4D39-9EC7-2D7FA89F2794}.Release|Any CPU.ActiveCfg = Release|Any CPU
		{11D0FBC4-B577-4D39-9EC7-2D7FA89F2794}.Release|Any CPU.Build.0 = Release|Any CPU
	EndGlobalSection
	GlobalSection(SolutionProperties) = preSolution
		HideSolutionNode = FALSE
	EndGlobalSection
	GlobalSection(ExtensibilityGlobals) = postSolution
		SolutionGuid = {6DFB0D13-10AF-43E2-8CBD-17A9899AF550}
	EndGlobalSection
EndGlobal
